
Microsoft Visual Studio Solution File, Format Version 12.00
# Visual Studio Version 17
VisualStudioVersion = 17.6.33815.320
MinimumVisualStudioVersion = 10.0.40219.1
Project("{FAE04EC0-301F-11D3-BF4B-00C04F79EFBC}") = "webbanhang", "webbanhang.csproj", "{E5D63213-CA62-4587-BF10-53DA1FE1DB03}"
EndProject
Global
	GlobalSection(SolutionConfigurationPlatforms) = preSolution
		Debug|Any CPU = Debug|Any CPU
		Release|Any CPU = Release|Any CPU
	EndGlobalSection
	GlobalSection(ProjectConfigurationPlatforms) = postSolution
		{E5D63213-CA62-4587-BF10-53DA1FE1DB03}.Debug|Any CPU.ActiveCfg = Debug|Any CPU
		{E5D63213-CA62-4587-BF10-53DA1FE1DB03}.Debug|Any CPU.Build.0 = Debug|Any CPU
		{E5D63213-CA62-4587-BF10-53DA1FE1DB03}.Release|Any CPU.ActiveCfg = Release|Any CPU
		{E5D63213-CA62-4587-BF10-53DA1FE1DB03}.Release|Any CPU.Build.0 = Release|Any CPU
	EndGlobalSection
	GlobalSection(SolutionProperties) = preSolution
		HideSolutionNode = FALSE
	EndGlobalSection
	GlobalSection(ExtensibilityGlobals) = postSolution
		SolutionGuid = {E17EA2FF-9006-4207-84BB-B9175A98D970}
	EndGlobalSection
EndGlobal
